
Microsoft Visual Studio Solution File, Format Version 12.00
# Visual Studio Version 17
VisualStudioVersion = 17.1.32328.378
MinimumVisualStudioVersion = 10.0.40219.1
Project("{9A19103F-16F7-4668-BE54-9A1E7A4F7556}") = "Chummer", "Chummer\Chummer.csproj", "{95279469-5A3E-42E6-993C-6A403586C86E}"
EndProject
Project("{2150E333-8FDC-42A3-9474-1A3956D46DE8}") = "Solution Items", "Solution Items", "{3BA63651-26F7-43C4-B47A-AEA1E4181434}"
	ProjectSection(SolutionItems) = preProject
		.editorconfig = .editorconfig
		appveyor.yml = appveyor.yml
		global.json = global.json
		LICENSE.txt = LICENSE.txt
	EndProjectSection
EndProject
Project("{9A19103F-16F7-4668-BE54-9A1E7A4F7556}") = "CrashHandler", "CrashHandler\CrashHandler.csproj", "{8C904468-F3A3-4034-B2DE-ED532803AD38}"
	ProjectSection(ProjectDependencies) = postProject
		{95279469-5A3E-42E6-993C-6A403586C86E} = {95279469-5A3E-42E6-993C-6A403586C86E}
	EndProjectSection
EndProject
Project("{9A19103F-16F7-4668-BE54-9A1E7A4F7556}") = "Translator", "Translator\Translator.csproj", "{B65D0252-6BCB-4901-9CA6-856EF785DF8D}"
	ProjectSection(ProjectDependencies) = postProject
		{95279469-5A3E-42E6-993C-6A403586C86E} = {95279469-5A3E-42E6-993C-6A403586C86E}
	EndProjectSection
EndProject
Project("{9A19103F-16F7-4668-BE54-9A1E7A4F7556}") = "Chummer.Api", "Chummer.Api\Chummer.Api.csproj", "{83F29871-434B-4073-A520-08ABD2F4E900}"
EndProject
Project("{9A19103F-16F7-4668-BE54-9A1E7A4F7556}") = "RecordSourceGenerator", "RecordSourceGenerator\RecordSourceGenerator.csproj", "{684280E3-76B3-41A3-B022-96296BAB78DE}"
EndProject
Project("{FAE04EC0-301F-11D3-BF4B-00C04F79EFBC}") = "Testing", "Testing\Testing.csproj", "{EB0BA4BC-DBD5-4ACA-B99C-0AAA3E0BBC43}"
EndProject
Global
	GlobalSection(SolutionConfigurationPlatforms) = preSolution
		Debug with ChummerHub|Any CPU = Debug with ChummerHub|Any CPU
		Debug with ChummerHub|x86 = Debug with ChummerHub|x86
		Debug|Any CPU = Debug|Any CPU
		Debug|x86 = Debug|x86
		Debuggable Release with ChummerHub|Any CPU = Debuggable Release with ChummerHub|Any CPU
		Debuggable Release with ChummerHub|x86 = Debuggable Release with ChummerHub|x86
		Debuggable Release|Any CPU = Debuggable Release|Any CPU
		Debuggable Release|x86 = Debuggable Release|x86
		Release|Any CPU = Release|Any CPU
		Release|x86 = Release|x86
	EndGlobalSection
	GlobalSection(ProjectConfigurationPlatforms) = postSolution
		{95279469-5A3E-42E6-993C-6A403586C86E}.Debug with ChummerHub|Any CPU.ActiveCfg = Debug|Any CPU
		{95279469-5A3E-42E6-993C-6A403586C86E}.Debug with ChummerHub|Any CPU.Build.0 = Debug|Any CPU
		{95279469-5A3E-42E6-993C-6A403586C86E}.Debug with ChummerHub|x86.ActiveCfg = Debug|Any CPU
		{95279469-5A3E-42E6-993C-6A403586C86E}.Debug with ChummerHub|x86.Build.0 = Debug|Any CPU
		{95279469-5A3E-42E6-993C-6A403586C86E}.Debug|Any CPU.ActiveCfg = Debug|Any CPU
		{95279469-5A3E-42E6-993C-6A403586C86E}.Debug|Any CPU.Build.0 = Debug|Any CPU
		{95279469-5A3E-42E6-993C-6A403586C86E}.Debug|x86.ActiveCfg = Debug|Any CPU
		{95279469-5A3E-42E6-993C-6A403586C86E}.Debug|x86.Build.0 = Debug|Any CPU
		{95279469-5A3E-42E6-993C-6A403586C86E}.Debuggable Release with ChummerHub|Any CPU.ActiveCfg = Debuggable Release|Any CPU
		{95279469-5A3E-42E6-993C-6A403586C86E}.Debuggable Release with ChummerHub|Any CPU.Build.0 = Debuggable Release|Any CPU
		{95279469-5A3E-42E6-993C-6A403586C86E}.Debuggable Release with ChummerHub|x86.ActiveCfg = Debuggable Release|Any CPU
		{95279469-5A3E-42E6-993C-6A403586C86E}.Debuggable Release with ChummerHub|x86.Build.0 = Debuggable Release|Any CPU
		{95279469-5A3E-42E6-993C-6A403586C86E}.Debuggable Release|Any CPU.ActiveCfg = Debuggable Release|Any CPU
		{95279469-5A3E-42E6-993C-6A403586C86E}.Debuggable Release|Any CPU.Build.0 = Debuggable Release|Any CPU
		{95279469-5A3E-42E6-993C-6A403586C86E}.Debuggable Release|x86.ActiveCfg = Debuggable Release|Any CPU
		{95279469-5A3E-42E6-993C-6A403586C86E}.Debuggable Release|x86.Build.0 = Debuggable Release|Any CPU
		{95279469-5A3E-42E6-993C-6A403586C86E}.Release|Any CPU.ActiveCfg = Release|Any CPU
		{95279469-5A3E-42E6-993C-6A403586C86E}.Release|Any CPU.Build.0 = Release|Any CPU
		{95279469-5A3E-42E6-993C-6A403586C86E}.Release|Any CPU.Deploy.0 = Release|Any CPU
		{95279469-5A3E-42E6-993C-6A403586C86E}.Release|x86.ActiveCfg = Release|Any CPU
		{95279469-5A3E-42E6-993C-6A403586C86E}.Release|x86.Build.0 = Release|Any CPU
		{8C904468-F3A3-4034-B2DE-ED532803AD38}.Debug with ChummerHub|Any CPU.ActiveCfg = Debug|Any CPU
		{8C904468-F3A3-4034-B2DE-ED532803AD38}.Debug with ChummerHub|Any CPU.Build.0 = Debug|Any CPU
		{8C904468-F3A3-4034-B2DE-ED532803AD38}.Debug with ChummerHub|x86.ActiveCfg = Debug|Any CPU
		{8C904468-F3A3-4034-B2DE-ED532803AD38}.Debug with ChummerHub|x86.Build.0 = Debug|Any CPU
		{8C904468-F3A3-4034-B2DE-ED532803AD38}.Debug|Any CPU.ActiveCfg = Debug|Any CPU
		{8C904468-F3A3-4034-B2DE-ED532803AD38}.Debug|Any CPU.Build.0 = Debug|Any CPU
		{8C904468-F3A3-4034-B2DE-ED532803AD38}.Debug|x86.ActiveCfg = Debug|Any CPU
		{8C904468-F3A3-4034-B2DE-ED532803AD38}.Debug|x86.Build.0 = Debug|Any CPU
		{8C904468-F3A3-4034-B2DE-ED532803AD38}.Debuggable Release with ChummerHub|Any CPU.ActiveCfg = Debuggable Release|Any CPU
		{8C904468-F3A3-4034-B2DE-ED532803AD38}.Debuggable Release with ChummerHub|Any CPU.Build.0 = Debuggable Release|Any CPU
		{8C904468-F3A3-4034-B2DE-ED532803AD38}.Debuggable Release with ChummerHub|x86.ActiveCfg = Debuggable Release|Any CPU
		{8C904468-F3A3-4034-B2DE-ED532803AD38}.Debuggable Release with ChummerHub|x86.Build.0 = Debuggable Release|Any CPU
		{8C904468-F3A3-4034-B2DE-ED532803AD38}.Debuggable Release|Any CPU.ActiveCfg = Debuggable Release|Any CPU
		{8C904468-F3A3-4034-B2DE-ED532803AD38}.Debuggable Release|Any CPU.Build.0 = Debuggable Release|Any CPU
		{8C904468-F3A3-4034-B2DE-ED532803AD38}.Debuggable Release|x86.ActiveCfg = Debuggable Release|Any CPU
		{8C904468-F3A3-4034-B2DE-ED532803AD38}.Debuggable Release|x86.Build.0 = Debuggable Release|Any CPU
		{8C904468-F3A3-4034-B2DE-ED532803AD38}.Release|Any CPU.ActiveCfg = Release|Any CPU
		{8C904468-F3A3-4034-B2DE-ED532803AD38}.Release|Any CPU.Build.0 = Release|Any CPU
		{8C904468-F3A3-4034-B2DE-ED532803AD38}.Release|x86.ActiveCfg = Release|Any CPU
		{8C904468-F3A3-4034-B2DE-ED532803AD38}.Release|x86.Build.0 = Release|Any CPU
		{B65D0252-6BCB-4901-9CA6-856EF785DF8D}.Debug with ChummerHub|Any CPU.ActiveCfg = Debug|Any CPU
		{B65D0252-6BCB-4901-9CA6-856EF785DF8D}.Debug with ChummerHub|Any CPU.Build.0 = Debug|Any CPU
		{B65D0252-6BCB-4901-9CA6-856EF785DF8D}.Debug with ChummerHub|x86.ActiveCfg = Debug|Any CPU
		{B65D0252-6BCB-4901-9CA6-856EF785DF8D}.Debug with ChummerHub|x86.Build.0 = Debug|Any CPU
		{B65D0252-6BCB-4901-9CA6-856EF785DF8D}.Debug|Any CPU.ActiveCfg = Debug|Any CPU
		{B65D0252-6BCB-4901-9CA6-856EF785DF8D}.Debug|Any CPU.Build.0 = Debug|Any CPU
		{B65D0252-6BCB-4901-9CA6-856EF785DF8D}.Debug|x86.ActiveCfg = Debug|Any CPU
		{B65D0252-6BCB-4901-9CA6-856EF785DF8D}.Debug|x86.Build.0 = Debug|Any CPU
		{B65D0252-6BCB-4901-9CA6-856EF785DF8D}.Debuggable Release with ChummerHub|Any CPU.ActiveCfg = Debuggable Release|Any CPU
		{B65D0252-6BCB-4901-9CA6-856EF785DF8D}.Debuggable Release with ChummerHub|Any CPU.Build.0 = Debuggable Release|Any CPU
		{B65D0252-6BCB-4901-9CA6-856EF785DF8D}.Debuggable Release with ChummerHub|x86.ActiveCfg = Debuggable Release|Any CPU
		{B65D0252-6BCB-4901-9CA6-856EF785DF8D}.Debuggable Release with ChummerHub|x86.Build.0 = Debuggable Release|Any CPU
		{B65D0252-6BCB-4901-9CA6-856EF785DF8D}.Debuggable Release|Any CPU.ActiveCfg = Debuggable Release|Any CPU
		{B65D0252-6BCB-4901-9CA6-856EF785DF8D}.Debuggable Release|Any CPU.Build.0 = Debuggable Release|Any CPU
		{B65D0252-6BCB-4901-9CA6-856EF785DF8D}.Debuggable Release|x86.ActiveCfg = Debuggable Release|Any CPU
		{B65D0252-6BCB-4901-9CA6-856EF785DF8D}.Debuggable Release|x86.Build.0 = Debuggable Release|Any CPU
		{B65D0252-6BCB-4901-9CA6-856EF785DF8D}.Release|Any CPU.ActiveCfg = Release|Any CPU
		{B65D0252-6BCB-4901-9CA6-856EF785DF8D}.Release|Any CPU.Build.0 = Release|Any CPU
		{B65D0252-6BCB-4901-9CA6-856EF785DF8D}.Release|x86.ActiveCfg = Release|Any CPU
		{B65D0252-6BCB-4901-9CA6-856EF785DF8D}.Release|x86.Build.0 = Release|Any CPU
		{83F29871-434B-4073-A520-08ABD2F4E900}.Debug with ChummerHub|Any CPU.ActiveCfg = Debug|Any CPU
		{83F29871-434B-4073-A520-08ABD2F4E900}.Debug with ChummerHub|Any CPU.Build.0 = Debug|Any CPU
		{83F29871-434B-4073-A520-08ABD2F4E900}.Debug with ChummerHub|x86.ActiveCfg = Debug|Any CPU
		{83F29871-434B-4073-A520-08ABD2F4E900}.Debug with ChummerHub|x86.Build.0 = Debug|Any CPU
		{83F29871-434B-4073-A520-08ABD2F4E900}.Debug|Any CPU.ActiveCfg = Debug|Any CPU
		{83F29871-434B-4073-A520-08ABD2F4E900}.Debug|Any CPU.Build.0 = Debug|Any CPU
		{83F29871-434B-4073-A520-08ABD2F4E900}.Debug|x86.ActiveCfg = Debug|Any CPU
		{83F29871-434B-4073-A520-08ABD2F4E900}.Debug|x86.Build.0 = Debug|Any CPU
		{83F29871-434B-4073-A520-08ABD2F4E900}.Debuggable Release with ChummerHub|Any CPU.ActiveCfg = Release|Any CPU
		{83F29871-434B-4073-A520-08ABD2F4E900}.Debuggable Release with ChummerHub|Any CPU.Build.0 = Release|Any CPU
		{83F29871-434B-4073-A520-08ABD2F4E900}.Debuggable Release with ChummerHub|x86.ActiveCfg = Release|Any CPU
		{83F29871-434B-4073-A520-08ABD2F4E900}.Debuggable Release with ChummerHub|x86.Build.0 = Release|Any CPU
		{83F29871-434B-4073-A520-08ABD2F4E900}.Debuggable Release|Any CPU.ActiveCfg = Release|Any CPU
		{83F29871-434B-4073-A520-08ABD2F4E900}.Debuggable Release|Any CPU.Build.0 = Release|Any CPU
		{83F29871-434B-4073-A520-08ABD2F4E900}.Debuggable Release|x86.ActiveCfg = Release|Any CPU
		{83F29871-434B-4073-A520-08ABD2F4E900}.Debuggable Release|x86.Build.0 = Release|Any CPU
		{83F29871-434B-4073-A520-08ABD2F4E900}.Release|Any CPU.ActiveCfg = Release|Any CPU
		{83F29871-434B-4073-A520-08ABD2F4E900}.Release|Any CPU.Build.0 = Release|Any CPU
		{83F29871-434B-4073-A520-08ABD2F4E900}.Release|x86.ActiveCfg = Release|Any CPU
		{83F29871-434B-4073-A520-08ABD2F4E900}.Release|x86.Build.0 = Release|Any CPU
		{684280E3-76B3-41A3-B022-96296BAB78DE}.Debug with ChummerHub|Any CPU.ActiveCfg = Debug|Any CPU
		{684280E3-76B3-41A3-B022-96296BAB78DE}.Debug with ChummerHub|Any CPU.Build.0 = Debug|Any CPU
		{684280E3-76B3-41A3-B022-96296BAB78DE}.Debug with ChummerHub|x86.ActiveCfg = Debug|Any CPU
		{684280E3-76B3-41A3-B022-96296BAB78DE}.Debug with ChummerHub|x86.Build.0 = Debug|Any CPU
		{684280E3-76B3-41A3-B022-96296BAB78DE}.Debug|Any CPU.ActiveCfg = Debug|Any CPU
		{684280E3-76B3-41A3-B022-96296BAB78DE}.Debug|Any CPU.Build.0 = Debug|Any CPU
		{684280E3-76B3-41A3-B022-96296BAB78DE}.Debug|x86.ActiveCfg = Debug|Any CPU
		{684280E3-76B3-41A3-B022-96296BAB78DE}.Debug|x86.Build.0 = Debug|Any CPU
		{684280E3-76B3-41A3-B022-96296BAB78DE}.Debuggable Release with ChummerHub|Any CPU.ActiveCfg = Release|Any CPU
		{684280E3-76B3-41A3-B022-96296BAB78DE}.Debuggable Release with ChummerHub|Any CPU.Build.0 = Release|Any CPU
		{684280E3-76B3-41A3-B022-96296BAB78DE}.Debuggable Release with ChummerHub|x86.ActiveCfg = Release|Any CPU
		{684280E3-76B3-41A3-B022-96296BAB78DE}.Debuggable Release with ChummerHub|x86.Build.0 = Release|Any CPU
		{684280E3-76B3-41A3-B022-96296BAB78DE}.Debuggable Release|Any CPU.ActiveCfg = Release|Any CPU
		{684280E3-76B3-41A3-B022-96296BAB78DE}.Debuggable Release|Any CPU.Build.0 = Release|Any CPU
		{684280E3-76B3-41A3-B022-96296BAB78DE}.Debuggable Release|x86.ActiveCfg = Release|Any CPU
		{684280E3-76B3-41A3-B022-96296BAB78DE}.Debuggable Release|x86.Build.0 = Release|Any CPU
		{684280E3-76B3-41A3-B022-96296BAB78DE}.Release|Any CPU.ActiveCfg = Release|Any CPU
		{684280E3-76B3-41A3-B022-96296BAB78DE}.Release|Any CPU.Build.0 = Release|Any CPU
		{684280E3-76B3-41A3-B022-96296BAB78DE}.Release|x86.ActiveCfg = Release|Any CPU
		{684280E3-76B3-41A3-B022-96296BAB78DE}.Release|x86.Build.0 = Release|Any CPU
		{EB0BA4BC-DBD5-4ACA-B99C-0AAA3E0BBC43}.Debug with ChummerHub|Any CPU.ActiveCfg = Debug|Any CPU
		{EB0BA4BC-DBD5-4ACA-B99C-0AAA3E0BBC43}.Debug with ChummerHub|Any CPU.Build.0 = Debug|Any CPU
		{EB0BA4BC-DBD5-4ACA-B99C-0AAA3E0BBC43}.Debug with ChummerHub|x86.ActiveCfg = Debug|Any CPU
		{EB0BA4BC-DBD5-4ACA-B99C-0AAA3E0BBC43}.Debug with ChummerHub|x86.Build.0 = Debug|Any CPU
		{EB0BA4BC-DBD5-4ACA-B99C-0AAA3E0BBC43}.Debug|Any CPU.ActiveCfg = Debug|Any CPU
		{EB0BA4BC-DBD5-4ACA-B99C-0AAA3E0BBC43}.Debug|Any CPU.Build.0 = Debug|Any CPU
		{EB0BA4BC-DBD5-4ACA-B99C-0AAA3E0BBC43}.Debug|x86.ActiveCfg = Debug|Any CPU
		{EB0BA4BC-DBD5-4ACA-B99C-0AAA3E0BBC43}.Debug|x86.Build.0 = Debug|Any CPU
		{EB0BA4BC-DBD5-4ACA-B99C-0AAA3E0BBC43}.Debuggable Release with ChummerHub|Any CPU.ActiveCfg = Release|Any CPU
		{EB0BA4BC-DBD5-4ACA-B99C-0AAA3E0BBC43}.Debuggable Release with ChummerHub|Any CPU.Build.0 = Release|Any CPU
		{EB0BA4BC-DBD5-4ACA-B99C-0AAA3E0BBC43}.Debuggable Release with ChummerHub|x86.ActiveCfg = Release|Any CPU
		{EB0BA4BC-DBD5-4ACA-B99C-0AAA3E0BBC43}.Debuggable Release with ChummerHub|x86.Build.0 = Release|Any CPU
		{EB0BA4BC-DBD5-4ACA-B99C-0AAA3E0BBC43}.Debuggable Release|Any CPU.ActiveCfg = Release|Any CPU
		{EB0BA4BC-DBD5-4ACA-B99C-0AAA3E0BBC43}.Debuggable Release|Any CPU.Build.0 = Release|Any CPU
		{EB0BA4BC-DBD5-4ACA-B99C-0AAA3E0BBC43}.Debuggable Release|x86.ActiveCfg = Release|Any CPU
		{EB0BA4BC-DBD5-4ACA-B99C-0AAA3E0BBC43}.Debuggable Release|x86.Build.0 = Release|Any CPU
		{EB0BA4BC-DBD5-4ACA-B99C-0AAA3E0BBC43}.Release|Any CPU.ActiveCfg = Release|Any CPU
		{EB0BA4BC-DBD5-4ACA-B99C-0AAA3E0BBC43}.Release|Any CPU.Build.0 = Release|Any CPU
		{EB0BA4BC-DBD5-4ACA-B99C-0AAA3E0BBC43}.Release|x86.ActiveCfg = Release|Any CPU
		{EB0BA4BC-DBD5-4ACA-B99C-0AAA3E0BBC43}.Release|x86.Build.0 = Release|Any CPU
	EndGlobalSection
	GlobalSection(SolutionProperties) = preSolution
		HideSolutionNode = FALSE
	EndGlobalSection
	GlobalSection(ExtensibilityGlobals) = postSolution
		RESX_SortFileContentOnSave = True
		SolutionGuid = {55540ABF-8BD7-4553-8C6D-03B5E024555F}
	EndGlobalSection
	GlobalSection(Performance) = preSolution
		HasPerformanceSessions = true
	EndGlobalSection
	GlobalSection(Performance) = preSolution
		HasPerformanceSessions = true
	EndGlobalSection
	GlobalSection(Performance) = preSolution
		HasPerformanceSessions = true
	EndGlobalSection
	GlobalSection(Performance) = preSolution
		HasPerformanceSessions = true
	EndGlobalSection
	GlobalSection(Performance) = preSolution
		HasPerformanceSessions = true
	EndGlobalSection
	GlobalSection(Performance) = preSolution
		HasPerformanceSessions = true
	EndGlobalSection
	GlobalSection(Performance) = preSolution
		HasPerformanceSessions = true
	EndGlobalSection
EndGlobal
